// !$*UTF8*$!
{
	archiveVersion = 1;
	classes = {
	};
	objectVersion = 50;
	objects = {

/* Begin PBXBuildFile section */
		03DBC31921E81EE600D7C1FA /* AppDelegate.swift in Sources */ = {isa = PBXBuildFile; fileRef = 03DBC31821E81EE600D7C1FA /* AppDelegate.swift */; };
		03DBC31B21E81EE600D7C1FA /* ViewController.swift in Sources */ = {isa = PBXBuildFile; fileRef = 03DBC31A21E81EE600D7C1FA /* ViewController.swift */; };
		03DBC31E21E81EE600D7C1FA /* Main.storyboard in Resources */ = {isa = PBXBuildFile; fileRef = 03DBC31C21E81EE600D7C1FA /* Main.storyboard */; };
		03DBC32021E81EE800D7C1FA /* Assets.xcassets in Resources */ = {isa = PBXBuildFile; fileRef = 03DBC31F21E81EE800D7C1FA /* Assets.xcassets */; };
		03DBC32321E81EE800D7C1FA /* LaunchScreen.storyboard in Resources */ = {isa = PBXBuildFile; fileRef = 03DBC32121E81EE800D7C1FA /* LaunchScreen.storyboard */; };
		03DBC32B21E8218300D7C1FA /* TableViewController.swift in Sources */ = {isa = PBXBuildFile; fileRef = 03DBC32A21E8218300D7C1FA /* TableViewController.swift */; };
		03DBC32D21E8222300D7C1FA /* Model.swift in Sources */ = {isa = PBXBuildFile; fileRef = 03DBC32C21E8222300D7C1FA /* Model.swift */; };
/* End PBXBuildFile section */

/* Begin PBXFileReference section */
		03DBC31521E81EE600D7C1FA /* MyDailyPlanner.app */ = {isa = PBXFileReference; explicitFileType = wrapper.application; includeInIndex = 0; path = MyDailyPlanner.app; sourceTree = BUILT_PRODUCTS_DIR; };
		03DBC31821E81EE600D7C1FA /* AppDelegate.swift */ = {isa = PBXFileReference; lastKnownFileType = sourcecode.swift; path = AppDelegate.swift; sourceTree = "<group>"; };
		03DBC31A21E81EE600D7C1FA /* ViewController.swift */ = {isa = PBXFileReference; lastKnownFileType = sourcecode.swift; path = ViewController.swift; sourceTree = "<group>"; };
		03DBC31D21E81EE600D7C1FA /* Base */ = {isa = PBXFileReference; lastKnownFileType = file.storyboard; name = Base; path = Base.lproj/Main.storyboard; sourceTree = "<group>"; };
		03DBC31F21E81EE800D7C1FA /* Assets.xcassets */ = {isa = PBXFileReference; lastKnownFileType = folder.assetcatalog; path = Assets.xcassets; sourceTree = "<group>"; };
		03DBC32221E81EE800D7C1FA /* Base */ = {isa = PBXFileReference; lastKnownFileType = file.storyboard; name = Base; path = Base.lproj/LaunchScreen.storyboard; sourceTree = "<group>"; };
		03DBC32421E81EE800D7C1FA /* Info.plist */ = {isa = PBXFileReference; lastKnownFileType = text.plist.xml; path = Info.plist; sourceTree = "<group>"; };
		03DBC32A21E8218300D7C1FA /* TableViewController.swift */ = {isa = PBXFileReference; lastKnownFileType = sourcecode.swift; path = TableViewController.swift; sourceTree = "<group>"; };
		03DBC32C21E8222300D7C1FA /* Model.swift */ = {isa = PBXFileReference; lastKnownFileType = sourcecode.swift; path = Model.swift; sourceTree = "<group>"; };
/* End PBXFileReference section */

/* Begin PBXFrameworksBuildPhase section */
		03DBC31221E81EE600D7C1FA /* Frameworks */ = {
			isa = PBXFrameworksBuildPhase;
			buildActionMask = 2147483647;
			files = (
			);
			runOnlyForDeploymentPostprocessing = 0;
		};
/* End PBXFrameworksBuildPhase section */

/* Begin PBXGroup section */
		03DBC30C21E81EE600D7C1FA = {
			isa = PBXGroup;
			children = (
				03DBC31721E81EE600D7C1FA /* MyDailyPlanner */,
				03DBC31621E81EE600D7C1FA /* Products */,
			);
			sourceTree = "<group>";
		};
		03DBC31621E81EE600D7C1FA /* Products */ = {
			isa = PBXGroup;
			children = (
				03DBC31521E81EE600D7C1FA /* MyDailyPlanner.app */,
			);
			name = Products;
			sourceTree = "<group>";
		};
		03DBC31721E81EE600D7C1FA /* MyDailyPlanner */ = {
			isa = PBXGroup;
			children = (
				03DBC31821E81EE600D7C1FA /* AppDelegate.swift */,
				03DBC31A21E81EE600D7C1FA /* ViewController.swift */,
				03DBC31C21E81EE600D7C1FA /* Main.storyboard */,
				03DBC32C21E8222300D7C1FA /* Model.swift */,
				03DBC32A21E8218300D7C1FA /* TableViewController.swift */,
				03DBC31F21E81EE800D7C1FA /* Assets.xcassets */,
				03DBC32121E81EE800D7C1FA /* LaunchScreen.storyboard */,
				03DBC32421E81EE800D7C1FA /* Info.plist */,
			);
			path = MyDailyPlanner;
			sourceTree = "<group>";
		};
/* End PBXGroup section */

/* Begin PBXNativeTarget section */
		03DBC31421E81EE600D7C1FA /* MyDailyPlanner */ = {
			isa = PBXNativeTarget;
			buildConfigurationList = 03DBC32721E81EE800D7C1FA /* Build configuration list for PBXNativeTarget "MyDailyPlanner" */;
			buildPhases = (
				03DBC31121E81EE600D7C1FA /* Sources */,
				03DBC31221E81EE600D7C1FA /* Frameworks */,
				03DBC31321E81EE600D7C1FA /* Resources */,
			);
			buildRules = (
			);
			dependencies = (
			);
			name = MyDailyPlanner;
			productName = MyDailyPlanner;
			productReference = 03DBC31521E81EE600D7C1FA /* MyDailyPlanner.app */;
			productType = "com.apple.product-type.application";
		};
/* End PBXNativeTarget section */

/* Begin PBXProject section */
		03DBC30D21E81EE600D7C1FA /* Project object */ = {
			isa = PBXProject;
			attributes = {
				LastSwiftUpdateCheck = 1010;
				LastUpgradeCheck = 1010;
				ORGANIZATIONNAME = TechCompetence;
				TargetAttributes = {
					03DBC31421E81EE600D7C1FA = {
						CreatedOnToolsVersion = 10.1;
					};
				};
			};
			buildConfigurationList = 03DBC31021E81EE600D7C1FA /* Build configuration list for PBXProject "MyDailyPlanner" */;
			compatibilityVersion = "Xcode 9.3";
			developmentRegion = en;
			hasScannedForEncodings = 0;
			knownRegions = (
				en,
				Base,
			);
			mainGroup = 03DBC30C21E81EE600D7C1FA;
			productRefGroup = 03DBC31621E81EE600D7C1FA /* Products */;
			projectDirPath = "";
			projectRoot = "";
			targets = (
				03DBC31421E81EE600D7C1FA /* MyDailyPlanner */,
			);
		};
/* End PBXProject section */

/* Begin PBXResourcesBuildPhase section */
		03DBC31321E81EE600D7C1FA /* Resources */ = {
			isa = PBXResourcesBuildPhase;
			buildActionMask = 2147483647;
			files = (
				03DBC32321E81EE800D7C1FA /* LaunchScreen.storyboard in Resources */,
				03DBC32021E81EE800D7C1FA /* Assets.xcassets in Resources */,
				03DBC31E21E81EE600D7C1FA /* Main.storyboard in Resources */,
			);
			runOnlyForDeploymentPostprocessing = 0;
		};
/* End PBXResourcesBuildPhase section */

/* Begin PBXSourcesBuildPhase section */
		03DBC31121E81EE600D7C1FA /* Sources */ = {
			isa = PBXSourcesBuildPhase;
			buildActionMask = 2147483647;
			files = (
				03DBC31B21E81EE600D7C1FA /* ViewController.swift in Sources */,
				03DBC32B21E8218300D7C1FA /* TableViewController.swift in Sources */,
				03DBC31921E81EE600D7C1FA /* AppDelegate.swift in Sources */,
				03DBC32D21E8222300D7C1FA /* Model.swift in Sources */,
			);
			runOnlyForDeploymentPostprocessing = 0;
		};
/* End PBXSourcesBuildPhase section */

/* Begin PBXVariantGroup section */
		03DBC31C21E81EE600D7C1FA /* Main.storyboard */ = {
			isa = PBXVariantGroup;
			children = (
				03DBC31D21E81EE600D7C1FA /* Base */,
			);
			name = Main.storyboard;
			sourceTree = "<group>";
		};
		03DBC32121E81EE800D7C1FA /* LaunchScreen.storyboard */ = {
			isa = PBXVariantGroup;
			children = (
				03DBC32221E81EE800D7C1FA /* Base */,
			);
			name = LaunchScreen.storyboard;
			sourceTree = "<group>";
		};
/* End PBXVariantGroup section */

/* Begin XCBuildConfiguration section */
		03DBC32521E81EE800D7C1FA /* Debug */ = {
			isa = XCBuildConfiguration;
			buildSettings = {
				ALWAYS_SEARCH_USER_PATHS = NO;
				CLANG_ANALYZER_NONNULL = YES;
				CLANG_ANALYZER_NUMBER_OBJECT_CONVERSION = YES_AGGRESSIVE;
				CLANG_CXX_LANGUAGE_STANDARD = "gnu++14";
				CLANG_CXX_LIBRARY = "libc++";
				CLANG_ENABLE_MODULES = YES;
				CLANG_ENABLE_OBJC_ARC = YES;
				CLANG_ENABLE_OBJC_WEAK = YES;
				CLANG_WARN_BLOCK_CAPTURE_AUTORELEASING = YES;
				CLANG_WARN_BOOL_CONVERSION = YES;
				CLANG_WARN_COMMA = YES;
				CLANG_WARN_CONSTANT_CONVERSION = YES;
				CLANG_WARN_DEPRECATED_OBJC_IMPLEMENTATIONS = YES;
				CLANG_WARN_DIRECT_OBJC_ISA_USAGE = YES_ERROR;
				CLANG_WARN_DOCUMENTATION_COMMENTS = YES;
				CLANG_WARN_EMPTY_BODY = YES;
				CLANG_WARN_ENUM_CONVERSION = YES;
				CLANG_WARN_INFINITE_RECURSION = YES;
				CLANG_WARN_INT_CONVERSION = YES;
				CLANG_WARN_NON_LITERAL_NULL_CONVERSION = YES;
				CLANG_WARN_OBJC_IMPLICIT_RETAIN_SELF = YES;
				CLANG_WARN_OBJC_LITERAL_CONVERSION = YES;
				CLANG_WARN_OBJC_ROOT_CLASS = YES_ERROR;
				CLANG_WARN_RANGE_LOOP_ANALYSIS = YES;
				CLANG_WARN_STRICT_PROTOTYPES = YES;
				CLANG_WARN_SUSPICIOUS_MOVE = YES;
				CLANG_WARN_UNGUARDED_AVAILABILITY = YES_AGGRESSIVE;
				CLANG_WARN_UNREACHABLE_CODE = YES;
				CLANG_WARN__DUPLICATE_METHOD_MATCH = YES;
				CODE_SIGN_IDENTITY = "iPhone Developer";
				COPY_PHASE_STRIP = NO;
				DEBUG_INFORMATION_FORMAT = dwarf;
				ENABLE_STRICT_OBJC_MSGSEND = YES;
				ENABLE_TESTABILITY = YES;
				GCC_C_LANGUAGE_STANDARD = gnu11;
				GCC_DYNAMIC_NO_PIC = NO;
				GCC_NO_COMMON_BLOCKS = YES;
				GCC_OPTIMIZATION_LEVEL = 0;
				GCC_PREPROCESSOR_DEFINITIONS = (
					"DEBUG=1",
					"$(inherited)",
				);
				GCC_WARN_64_TO_32_BIT_CONVERSION = YES;
				GCC_WARN_ABOUT_RETURN_TYPE = YES_ERROR;
				GCC_WARN_UNDECLARED_SELECTOR = YES;
				GCC_WARN_UNINITIALIZED_AUTOS = YES_AGGRESSIVE;
				GCC_WARN_UNUSED_FUNCTION = YES;
				GCC_WARN_UNUSED_VARIABLE = YES;
				IPHONEOS_DEPLOYMENT_TARGET = 12.1;
				MTL_ENABLE_DEBUG_INFO = INCLUDE_SOURCE;
				MTL_FAST_MATH = YES;
				ONLY_ACTIVE_ARCH = YES;
				SDKROOT = iphoneos;
				SWIFT_ACTIVE_COMPILATION_CONDITIONS = DEBUG;
				SWIFT_OPTIMIZATION_LEVEL = "-Onone";
			};
			name = Debug;
		};
		03DBC32621E81EE800D7C1FA /* Release */ = {
			isa = XCBuildConfiguration;
			buildSettings = {
				ALWAYS_SEARCH_USER_PATHS = NO;
				CLANG_ANALYZER_NONNULL = YES;
				CLANG_ANALYZER_NUMBER_OBJECT_CONVERSION = YES_AGGRESSIVE;
				CLANG_CXX_LANGUAGE_STANDARD = "gnu++14";
				CLANG_CXX_LIBRARY = "libc++";
				CLANG_ENABLE_MODULES = YES;
				CLANG_ENABLE_OBJC_ARC = YES;
				CLANG_ENABLE_OBJC_WEAK = YES;
				CLANG_WARN_BLOCK_CAPTURE_AUTORELEASING = YES;
				CLANG_WARN_BOOL_CONVERSION = YES;
				CLANG_WARN_COMMA = YES;
				CLANG_WARN_CONSTANT_CONVERSION = YES;
				CLANG_WARN_DEPRECATED_OBJC_IMPLEMENTATIONS = YES;
				CLANG_WARN_DIRECT_OBJC_ISA_USAGE = YES_ERROR;
				CLANG_WARN_DOCUMENTATION_COMMENTS = YES;
				CLANG_WARN_EMPTY_BODY = YES;
				CLANG_WARN_ENUM_CONVERSION = YES;
				CLANG_WARN_INFINITE_RECURSION = YES;
				CLANG_WARN_INT_CONVERSION = YES;
				CLANG_WARN_NON_LITERAL_NULL_CONVERSION = YES;
				CLANG_WARN_OBJC_IMPLICIT_RETAIN_SELF = YES;
				CLANG_WARN_OBJC_LITERAL_CONVERSION = YES;
				CLANG_WARN_OBJC_ROOT_CLASS = YES_ERROR;
				CLANG_WARN_RANGE_LOOP_ANALYSIS = YES;
				CLANG_WARN_STRICT_PROTOTYPES = YES;
				CLANG_WARN_SUSPICIOUS_MOVE = YES;
				CLANG_WARN_UNGUARDED_AVAILABILITY = YES_AGGRESSIVE;
				CLANG_WARN_UNREACHABLE_CODE = YES;
				CLANG_WARN__DUPLICATE_METHOD_MATCH = YES;
				CODE_SIGN_IDENTITY = "iPhone Developer";
				COPY_PHASE_STRIP = NO;
				DEBUG_INFORMATION_FORMAT = "dwarf-with-dsym";
				ENABLE_NS_ASSERTIONS = NO;
				ENABLE_STRICT_OBJC_MSGSEND = YES;
				GCC_C_LANGUAGE_STANDARD = gnu11;
				GCC_NO_COMMON_BLOCKS = YES;
				GCC_WARN_64_TO_32_BIT_CONVERSION = YES;
				GCC_WARN_ABOUT_RETURN_TYPE = YES_ERROR;
				GCC_WARN_UNDECLARED_SELECTOR = YES;
				GCC_WARN_UNINITIALIZED_AUTOS = YES_AGGRESSIVE;
				GCC_WARN_UNUSED_FUNCTION = YES;
				GCC_WARN_UNUSED_VARIABLE = YES;
				IPHONEOS_DEPLOYMENT_TARGET = 12.1;
				MTL_ENABLE_DEBUG_INFO = NO;
				MTL_FAST_MATH = YES;
				SDKROOT = iphoneos;
				SWIFT_COMPILATION_MODE = wholemodule;
				SWIFT_OPTIMIZATION_LEVEL = "-O";
				VALIDATE_PRODUCT = YES;
			};
			name = Release;
		};
		03DBC32821E81EE800D7C1FA /* Debug */ = {
			isa = XCBuildConfiguration;
			buildSettings = {
				ASSETCATALOG_COMPILER_APPICON_NAME = AppIcon;
				CODE_SIGN_STYLE = Automatic;
				DEVELOPMENT_TEAM = 9U3LZ77WXY;
				INFOPLIST_FILE = MyDailyPlanner/Info.plist;
				LD_RUNPATH_SEARCH_PATHS = (
					"$(inherited)",
					"@executable_path/Frameworks",
				);
				PRODUCT_BUNDLE_IDENTIFIER = techcompetence.MyDailyPlanner;
				PRODUCT_NAME = "$(TARGET_NAME)";
				SWIFT_VERSION = 4.2;
				TARGETED_DEVICE_FAMILY = "1,2";
			};
			name = Debug;
		};
		03DBC32921E81EE800D7C1FA /* Release */ = {
			isa = XCBuildConfiguration;
			buildSettings = {
				ASSETCATALOG_COMPILER_APPICON_NAME = AppIcon;
				CODE_SIGN_STYLE = Automatic;
				DEVELOPMENT_TEAM = 9U3LZ77WXY;
				INFOPLIST_FILE = MyDailyPlanner/Info.plist;
				LD_RUNPATH_SEARCH_PATHS = (
					"$(inherited)",
					"@executable_path/Frameworks",
				);
				PRODUCT_BUNDLE_IDENTIFIER = techcompetence.MyDailyPlanner;
				PRODUCT_NAME = "$(TARGET_NAME)";
				SWIFT_VERSION = 4.2;
				TARGETED_DEVICE_FAMILY = "1,2";
			};
			name = Release;
		};
/* End XCBuildConfiguration section */

/* Begin XCConfigurationList section */
		03DBC31021E81EE600D7C1FA /* Build configuration list for PBXProject "MyDailyPlanner" */ = {
			isa = XCConfigurationList;
			buildConfigurations = (
				03DBC32521E81EE800D7C1FA /* Debug */,
				03DBC32621E81EE800D7C1FA /* Release */,
			);
			defaultConfigurationIsVisible = 0;
			defaultConfigurationName = Release;
		};
		03DBC32721E81EE800D7C1FA /* Build configuration list for PBXNativeTarget "MyDailyPlanner" */ = {
			isa = XCConfigurationList;
			buildConfigurations = (
				03DBC32821E81EE800D7C1FA /* Debug */,
				03DBC32921E81EE800D7C1FA /* Release */,
			);
			defaultConfigurationIsVisible = 0;
			defaultConfigurationName = Release;
		};
/* End XCConfigurationList section */
	};
	rootObject = 03DBC30D21E81EE600D7C1FA /* Project object */;
}
